<?xml version="1.0" encoding="utf-8"?>
<Project ToolsVersion="4.0" xmlns="http://schemas.microsoft.com/developer/msbuild/2003">
  <ItemGroup>
    <Filter Include="Source Files">
      <UniqueIdentifier>{4FC737F1-C7A5-4376-A066-2A32D752A2FF}</UniqueIdentifier>
      <Extensions>cpp;c;cc;cxx;def;odl;idl;hpj;bat;asm;asmx</Extensions>
    </Filter>
    <Filter Include="Header Files">
      <UniqueIdentifier>{93995380-89BD-4b04-88EB-625FBE52EBFB}</UniqueIdentifier>
      <Extensions>h;hpp;hxx;hm;inl;inc;xsd</Extensions>
    </Filter>
    <Filter Include="Resource Files">
      <UniqueIdentifier>{67DA6AB6-F800-4c08-8B7A-83BB121AAD01}</UniqueIdentifier>
      <Extensions>rc;ico;cur;bmp;dlg;rc2;rct;bin;rgs;gif;jpg;jpeg;jpe;resx;tiff;tif;png;wav;mfcribbon-ms</Extensions>
    </Filter>
    <Filter Include="Fonts_Windows">
      <UniqueIdentifier>{02871093-c55f-403d-ba44-516dbf8a46fb}</UniqueIdentifier>
    </Filter>
  </ItemGroup>
  <ItemGroup>
    <ClCompile Include="..\src\wcode\fswin32keymap.cpp">
      <Filter>Fonts_Windows</Filter>
    </ClCompile>
    <ClCompile Include="..\src\wcode\fswin32winmain.cpp">
      <Filter>Fonts_Windows</Filter>
    </ClCompile>
    <ClCompile Include="..\src\wcode\fswin32wrapper.cpp">
      <Filter>Fonts_Windows</Filter>
    </ClCompile>
    <ClCompile Include="..\src\bitmapfont\ysglfontdata.c">
      <Filter>Fonts_Windows</Filter>
    </ClCompile>
    <ClCompile Include="..\src\bitmapfont\ysglmaketextbitmap.c">
      <Filter>Fonts_Windows</Filter>
    </ClCompile>
    <ClCompile Include="..\src\bitmapfont\ysglusefontbitmap.c">
      <Filter>Fonts_Windows</Filter>
    </ClCompile>
    <ClCompile Include="..\src\interpolate.cpp">
      <Filter>Source Files</Filter>
    </ClCompile>
    <ClCompile Include="..\src\Matrices.cpp">
      <Filter>Source Files</Filter>
    </ClCompile>
  </ItemGroup>
  <ItemGroup>
    <ClInclude Include="..\src\wcode\fssimplewindow.h">
      <Filter>Fonts_Windows</Filter>
    </ClInclude>
    <ClInclude Include="..\src\wcode\fswin32keymap.h">
      <Filter>Fonts_Windows</Filter>
    </ClInclude>
    <ClInclude Include="..\src\bitmapfont\ysglfontdata.h">
      <Filter>Fonts_Windows</Filter>
    </ClInclude>
    <ClInclude Include="..\src\graphicsDefs.h">
      <Filter>Header Files</Filter>
    </ClInclude>
    <ClInclude Include="..\src\Lagrange.h">
      <Filter>Header Files</Filter>
    </ClInclude>
    <ClInclude Include="..\src\Matrices.h">
      <Filter>Header Files</Filter>
    </ClInclude>
    <ClInclude Include="..\src\vectors.h">
      <Filter>Header Files</Filter>
    </ClInclude>
    <ClInclude Include="..\src\Hermite.h">
      <Filter>Header Files</Filter>
    </ClInclude>
    <ClInclude Include="..\src\CubicBezier.h">
      <Filter>Header Files</Filter>
    </ClInclude>
    <ClInclude Include="..\src\CutmulRom.h">
      <Filter>Header Files</Filter>
    </ClInclude>
    <ClInclude Include="..\src\QuadraticBezier.h">
      <Filter>Header Files</Filter>
    </ClInclude>
  </ItemGroup>
</Project>